// !$*UTF8*$!
{
	archiveVersion = 1;
	classes = {
	};
	objectVersion = 56;
	objects = {

/* Begin PBXBuildFile section */
		4718F35428EF6EC100FF82A9 /* DashboardView.swift in Sources */ = {isa = PBXBuildFile; fileRef = 4718F35328EF6EC100FF82A9 /* DashboardView.swift */; };
		4718F35628EF6ECE00FF82A9 /* PhotoMergerView.swift in Sources */ = {isa = PBXBuildFile; fileRef = 4718F35528EF6ECE00FF82A9 /* PhotoMergerView.swift */; };
		47476AB428F2CA1B00B5C33D /* VideoGenerator.swift in Sources */ = {isa = PBXBuildFile; fileRef = 47476AB328F2CA1B00B5C33D /* VideoGenerator.swift */; };
		47476AB628F2CACF00B5C33D /* VideoGeneratorError.swift in Sources */ = {isa = PBXBuildFile; fileRef = 47476AB528F2CACF00B5C33D /* VideoGeneratorError.swift */; };
		47476AB828F2CB3200B5C33D /* Extensions.swift in Sources */ = {isa = PBXBuildFile; fileRef = 47476AB728F2CB3200B5C33D /* Extensions.swift */; };
		47476ABB28F2E5CE00B5C33D /* IndicatorView.swift in Sources */ = {isa = PBXBuildFile; fileRef = 47476ABA28F2E5CE00B5C33D /* IndicatorView.swift */; };
		4780AB7E28EF7007003917E8 /* PhotoPickerModel.swift in Sources */ = {isa = PBXBuildFile; fileRef = 4780AB7B28EF7007003917E8 /* PhotoPickerModel.swift */; };
		4780AB7F28EF7007003917E8 /* MediaPicker.swift in Sources */ = {isa = PBXBuildFile; fileRef = 4780AB7C28EF7007003917E8 /* MediaPicker.swift */; };
		4780AB8028EF7007003917E8 /* PickedMediaItems.swift in Sources */ = {isa = PBXBuildFile; fileRef = 4780AB7D28EF7007003917E8 /* PickedMediaItems.swift */; };
		47BAE9A228EF6A250047AF9B /* iEditorApp.swift in Sources */ = {isa = PBXBuildFile; fileRef = 47BAE9A128EF6A250047AF9B /* iEditorApp.swift */; };
		47BAE9A628EF6A260047AF9B /* Assets.xcassets in Resources */ = {isa = PBXBuildFile; fileRef = 47BAE9A528EF6A260047AF9B /* Assets.xcassets */; };
		47BAE9A928EF6A260047AF9B /* Preview Assets.xcassets in Resources */ = {isa = PBXBuildFile; fileRef = 47BAE9A828EF6A260047AF9B /* Preview Assets.xcassets */; };
		47BAE9B328EF6A260047AF9B /* iEditorTests.swift in Sources */ = {isa = PBXBuildFile; fileRef = 47BAE9B228EF6A260047AF9B /* iEditorTests.swift */; };
		47BAE9BD28EF6A260047AF9B /* iEditorUITests.swift in Sources */ = {isa = PBXBuildFile; fileRef = 47BAE9BC28EF6A260047AF9B /* iEditorUITests.swift */; };
		47BAE9BF28EF6A260047AF9B /* iEditorUITestsLaunchTests.swift in Sources */ = {isa = PBXBuildFile; fileRef = 47BAE9BE28EF6A260047AF9B /* iEditorUITestsLaunchTests.swift */; };
/* End PBXBuildFile section */

/* Begin PBXContainerItemProxy section */
		47BAE9AF28EF6A260047AF9B /* PBXContainerItemProxy */ = {
			isa = PBXContainerItemProxy;
			containerPortal = 47BAE99628EF6A250047AF9B /* Project object */;
			proxyType = 1;
			remoteGlobalIDString = 47BAE99D28EF6A250047AF9B;
			remoteInfo = iEditor;
		};
		47BAE9B928EF6A260047AF9B /* PBXContainerItemProxy */ = {
			isa = PBXContainerItemProxy;
			containerPortal = 47BAE99628EF6A250047AF9B /* Project object */;
			proxyType = 1;
			remoteGlobalIDString = 47BAE99D28EF6A250047AF9B;
			remoteInfo = iEditor;
		};
/* End PBXContainerItemProxy section */

/* Begin PBXFileReference section */
		4718F34E28EF6C3500FF82A9 /* Info.plist */ = {isa = PBXFileReference; lastKnownFileType = text.plist; path = Info.plist; sourceTree = "<group>"; };
		4718F35328EF6EC100FF82A9 /* DashboardView.swift */ = {isa = PBXFileReference; fileEncoding = 4; lastKnownFileType = sourcecode.swift; path = DashboardView.swift; sourceTree = "<group>"; };
		4718F35528EF6ECE00FF82A9 /* PhotoMergerView.swift */ = {isa = PBXFileReference; fileEncoding = 4; lastKnownFileType = sourcecode.swift; path = PhotoMergerView.swift; sourceTree = "<group>"; };
		47476AB328F2CA1B00B5C33D /* VideoGenerator.swift */ = {isa = PBXFileReference; lastKnownFileType = sourcecode.swift; path = VideoGenerator.swift; sourceTree = "<group>"; };
		47476AB528F2CACF00B5C33D /* VideoGeneratorError.swift */ = {isa = PBXFileReference; lastKnownFileType = sourcecode.swift; path = VideoGeneratorError.swift; sourceTree = "<group>"; };
		47476AB728F2CB3200B5C33D /* Extensions.swift */ = {isa = PBXFileReference; lastKnownFileType = sourcecode.swift; path = Extensions.swift; sourceTree = "<group>"; };
		47476ABA28F2E5CE00B5C33D /* IndicatorView.swift */ = {isa = PBXFileReference; lastKnownFileType = sourcecode.swift; path = IndicatorView.swift; sourceTree = "<group>"; };
		4780AB7B28EF7007003917E8 /* PhotoPickerModel.swift */ = {isa = PBXFileReference; fileEncoding = 4; lastKnownFileType = sourcecode.swift; path = PhotoPickerModel.swift; sourceTree = "<group>"; };
		4780AB7C28EF7007003917E8 /* MediaPicker.swift */ = {isa = PBXFileReference; fileEncoding = 4; lastKnownFileType = sourcecode.swift; path = MediaPicker.swift; sourceTree = "<group>"; };
		4780AB7D28EF7007003917E8 /* PickedMediaItems.swift */ = {isa = PBXFileReference; fileEncoding = 4; lastKnownFileType = sourcecode.swift; path = PickedMediaItems.swift; sourceTree = "<group>"; };
		47BAE99E28EF6A250047AF9B /* iEditor.app */ = {isa = PBXFileReference; explicitFileType = wrapper.application; includeInIndex = 0; path = iEditor.app; sourceTree = BUILT_PRODUCTS_DIR; };
		47BAE9A128EF6A250047AF9B /* iEditorApp.swift */ = {isa = PBXFileReference; lastKnownFileType = sourcecode.swift; path = iEditorApp.swift; sourceTree = "<group>"; };
		47BAE9A528EF6A260047AF9B /* Assets.xcassets */ = {isa = PBXFileReference; lastKnownFileType = folder.assetcatalog; path = Assets.xcassets; sourceTree = "<group>"; };
		47BAE9A828EF6A260047AF9B /* Preview Assets.xcassets */ = {isa = PBXFileReference; lastKnownFileType = folder.assetcatalog; path = "Preview Assets.xcassets"; sourceTree = "<group>"; };
		47BAE9AE28EF6A260047AF9B /* iEditorTests.xctest */ = {isa = PBXFileReference; explicitFileType = wrapper.cfbundle; includeInIndex = 0; path = iEditorTests.xctest; sourceTree = BUILT_PRODUCTS_DIR; };
		47BAE9B228EF6A260047AF9B /* iEditorTests.swift */ = {isa = PBXFileReference; lastKnownFileType = sourcecode.swift; path = iEditorTests.swift; sourceTree = "<group>"; };
		47BAE9B828EF6A260047AF9B /* iEditorUITests.xctest */ = {isa = PBXFileReference; explicitFileType = wrapper.cfbundle; includeInIndex = 0; path = iEditorUITests.xctest; sourceTree = BUILT_PRODUCTS_DIR; };
		47BAE9BC28EF6A260047AF9B /* iEditorUITests.swift */ = {isa = PBXFileReference; lastKnownFileType = sourcecode.swift; path = iEditorUITests.swift; sourceTree = "<group>"; };
		47BAE9BE28EF6A260047AF9B /* iEditorUITestsLaunchTests.swift */ = {isa = PBXFileReference; lastKnownFileType = sourcecode.swift; path = iEditorUITestsLaunchTests.swift; sourceTree = "<group>"; };
/* End PBXFileReference section */

/* Begin PBXFrameworksBuildPhase section */
		47BAE99B28EF6A250047AF9B /* Frameworks */ = {
			isa = PBXFrameworksBuildPhase;
			buildActionMask = 2147483647;
			files = (
			);
			runOnlyForDeploymentPostprocessing = 0;
		};
		47BAE9AB28EF6A260047AF9B /* Frameworks */ = {
			isa = PBXFrameworksBuildPhase;
			buildActionMask = 2147483647;
			files = (
			);
			runOnlyForDeploymentPostprocessing = 0;
		};
		47BAE9B528EF6A260047AF9B /* Frameworks */ = {
			isa = PBXFrameworksBuildPhase;
			buildActionMask = 2147483647;
			files = (
			);
			runOnlyForDeploymentPostprocessing = 0;
		};
/* End PBXFrameworksBuildPhase section */

/* Begin PBXGroup section */
		4718F34F28EF6E0F00FF82A9 /* Main */ = {
			isa = PBXGroup;
			children = (
				47476AB928F2E5BB00B5C33D /* Helper */,
				47476AB228F2C9EF00B5C33D /* Generator */,
				4780AB7A28EF7007003917E8 /* Picker */,
				47BAE9A128EF6A250047AF9B /* iEditorApp.swift */,
				4718F35328EF6EC100FF82A9 /* DashboardView.swift */,
				4718F35528EF6ECE00FF82A9 /* PhotoMergerView.swift */,
			);
			path = Main;
			sourceTree = "<group>";
		};
		47476AB228F2C9EF00B5C33D /* Generator */ = {
			isa = PBXGroup;
			children = (
				47476AB328F2CA1B00B5C33D /* VideoGenerator.swift */,
				47476AB528F2CACF00B5C33D /* VideoGeneratorError.swift */,
				47476AB728F2CB3200B5C33D /* Extensions.swift */,
			);
			path = Generator;
			sourceTree = "<group>";
		};
		47476AB928F2E5BB00B5C33D /* Helper */ = {
			isa = PBXGroup;
			children = (
				47476ABA28F2E5CE00B5C33D /* IndicatorView.swift */,
			);
			path = Helper;
			sourceTree = "<group>";
		};
		4780AB7A28EF7007003917E8 /* Picker */ = {
			isa = PBXGroup;
			children = (
				4780AB7C28EF7007003917E8 /* MediaPicker.swift */,
				4780AB7B28EF7007003917E8 /* PhotoPickerModel.swift */,
				4780AB7D28EF7007003917E8 /* PickedMediaItems.swift */,
			);
			path = Picker;
			sourceTree = "<group>";
		};
		47BAE99528EF6A250047AF9B = {
			isa = PBXGroup;
			children = (
				47BAE9A028EF6A250047AF9B /* iEditor */,
				47BAE9B128EF6A260047AF9B /* iEditorTests */,
				47BAE9BB28EF6A260047AF9B /* iEditorUITests */,
				47BAE99F28EF6A250047AF9B /* Products */,
			);
			sourceTree = "<group>";
		};
		47BAE99F28EF6A250047AF9B /* Products */ = {
			isa = PBXGroup;
			children = (
				47BAE99E28EF6A250047AF9B /* iEditor.app */,
				47BAE9AE28EF6A260047AF9B /* iEditorTests.xctest */,
				47BAE9B828EF6A260047AF9B /* iEditorUITests.xctest */,
			);
			name = Products;
			sourceTree = "<group>";
		};
		47BAE9A028EF6A250047AF9B /* iEditor */ = {
			isa = PBXGroup;
			children = (
				4718F34F28EF6E0F00FF82A9 /* Main */,
				4718F34E28EF6C3500FF82A9 /* Info.plist */,
				47BAE9A528EF6A260047AF9B /* Assets.xcassets */,
				47BAE9A728EF6A260047AF9B /* Preview Content */,
			);
			path = iEditor;
			sourceTree = "<group>";
		};
		47BAE9A728EF6A260047AF9B /* Preview Content */ = {
			isa = PBXGroup;
			children = (
				47BAE9A828EF6A260047AF9B /* Preview Assets.xcassets */,
			);
			path = "Preview Content";
			sourceTree = "<group>";
		};
		47BAE9B128EF6A260047AF9B /* iEditorTests */ = {
			isa = PBXGroup;
			children = (
				47BAE9B228EF6A260047AF9B /* iEditorTests.swift */,
			);
			path = iEditorTests;
			sourceTree = "<group>";
		};
		47BAE9BB28EF6A260047AF9B /* iEditorUITests */ = {
			isa = PBXGroup;
			children = (
				47BAE9BC28EF6A260047AF9B /* iEditorUITests.swift */,
				47BAE9BE28EF6A260047AF9B /* iEditorUITestsLaunchTests.swift */,
			);
			path = iEditorUITests;
			sourceTree = "<group>";
		};
/* End PBXGroup section */

/* Begin PBXNativeTarget section */
		47BAE99D28EF6A250047AF9B /* iEditor */ = {
			isa = PBXNativeTarget;
			buildConfigurationList = 47BAE9C228EF6A260047AF9B /* Build configuration list for PBXNativeTarget "iEditor" */;
			buildPhases = (
				47BAE99A28EF6A250047AF9B /* Sources */,
				47BAE99B28EF6A250047AF9B /* Frameworks */,
				47BAE99C28EF6A250047AF9B /* Resources */,
			);
			buildRules = (
			);
			dependencies = (
			);
			name = iEditor;
			productName = iEditor;
			productReference = 47BAE99E28EF6A250047AF9B /* iEditor.app */;
			productType = "com.apple.product-type.application";
		};
		47BAE9AD28EF6A260047AF9B /* iEditorTests */ = {
			isa = PBXNativeTarget;
			buildConfigurationList = 47BAE9C528EF6A260047AF9B /* Build configuration list for PBXNativeTarget "iEditorTests" */;
			buildPhases = (
				47BAE9AA28EF6A260047AF9B /* Sources */,
				47BAE9AB28EF6A260047AF9B /* Frameworks */,
				47BAE9AC28EF6A260047AF9B /* Resources */,
			);
			buildRules = (
			);
			dependencies = (
				47BAE9B028EF6A260047AF9B /* PBXTargetDependency */,
			);
			name = iEditorTests;
			productName = iEditorTests;
			productReference = 47BAE9AE28EF6A260047AF9B /* iEditorTests.xctest */;
			productType = "com.apple.product-type.bundle.unit-test";
		};
		47BAE9B728EF6A260047AF9B /* iEditorUITests */ = {
			isa = PBXNativeTarget;
			buildConfigurationList = 47BAE9C828EF6A260047AF9B /* Build configuration list for PBXNativeTarget "iEditorUITests" */;
			buildPhases = (
				47BAE9B428EF6A260047AF9B /* Sources */,
				47BAE9B528EF6A260047AF9B /* Frameworks */,
				47BAE9B628EF6A260047AF9B /* Resources */,
			);
			buildRules = (
			);
			dependencies = (
				47BAE9BA28EF6A260047AF9B /* PBXTargetDependency */,
			);
			name = iEditorUITests;
			productName = iEditorUITests;
			productReference = 47BAE9B828EF6A260047AF9B /* iEditorUITests.xctest */;
			productType = "com.apple.product-type.bundle.ui-testing";
		};
/* End PBXNativeTarget section */

/* Begin PBXProject section */
		47BAE99628EF6A250047AF9B /* Project object */ = {
			isa = PBXProject;
			attributes = {
				BuildIndependentTargetsInParallel = 1;
				LastSwiftUpdateCheck = 1400;
				LastUpgradeCheck = 1400;
				TargetAttributes = {
					47BAE99D28EF6A250047AF9B = {
						CreatedOnToolsVersion = 14.0.1;
					};
					47BAE9AD28EF6A260047AF9B = {
						CreatedOnToolsVersion = 14.0.1;
						TestTargetID = 47BAE99D28EF6A250047AF9B;
					};
					47BAE9B728EF6A260047AF9B = {
						CreatedOnToolsVersion = 14.0.1;
						TestTargetID = 47BAE99D28EF6A250047AF9B;
					};
				};
			};
			buildConfigurationList = 47BAE99928EF6A250047AF9B /* Build configuration list for PBXProject "iEditor" */;
			compatibilityVersion = "Xcode 14.0";
			developmentRegion = en;
			hasScannedForEncodings = 0;
			knownRegions = (
				en,
				Base,
			);
			mainGroup = 47BAE99528EF6A250047AF9B;
			productRefGroup = 47BAE99F28EF6A250047AF9B /* Products */;
			projectDirPath = "";
			projectRoot = "";
			targets = (
				47BAE99D28EF6A250047AF9B /* iEditor */,
				47BAE9AD28EF6A260047AF9B /* iEditorTests */,
				47BAE9B728EF6A260047AF9B /* iEditorUITests */,
			);
		};
/* End PBXProject section */

/* Begin PBXResourcesBuildPhase section */
		47BAE99C28EF6A250047AF9B /* Resources */ = {
			isa = PBXResourcesBuildPhase;
			buildActionMask = 2147483647;
			files = (
				47BAE9A928EF6A260047AF9B /* Preview Assets.xcassets in Resources */,
				47BAE9A628EF6A260047AF9B /* Assets.xcassets in Resources */,
			);
			runOnlyForDeploymentPostprocessing = 0;
		};
		47BAE9AC28EF6A260047AF9B /* Resources */ = {
			isa = PBXResourcesBuildPhase;
			buildActionMask = 2147483647;
			files = (
			);
			runOnlyForDeploymentPostprocessing = 0;
		};
		47BAE9B628EF6A260047AF9B /* Resources */ = {
			isa = PBXResourcesBuildPhase;
			buildActionMask = 2147483647;
			files = (
			);
			runOnlyForDeploymentPostprocessing = 0;
		};
/* End PBXResourcesBuildPhase section */

/* Begin PBXSourcesBuildPhase section */
		47BAE99A28EF6A250047AF9B /* Sources */ = {
			isa = PBXSourcesBuildPhase;
			buildActionMask = 2147483647;
			files = (
				4718F35428EF6EC100FF82A9 /* DashboardView.swift in Sources */,
				47BAE9A228EF6A250047AF9B /* iEditorApp.swift in Sources */,
				47476AB428F2CA1B00B5C33D /* VideoGenerator.swift in Sources */,
				4780AB7F28EF7007003917E8 /* MediaPicker.swift in Sources */,
				47476ABB28F2E5CE00B5C33D /* IndicatorView.swift in Sources */,
				47476AB628F2CACF00B5C33D /* VideoGeneratorError.swift in Sources */,
				47476AB828F2CB3200B5C33D /* Extensions.swift in Sources */,
				4780AB8028EF7007003917E8 /* PickedMediaItems.swift in Sources */,
				4780AB7E28EF7007003917E8 /* PhotoPickerModel.swift in Sources */,
				4718F35628EF6ECE00FF82A9 /* PhotoMergerView.swift in Sources */,
			);
			runOnlyForDeploymentPostprocessing = 0;
		};
		47BAE9AA28EF6A260047AF9B /* Sources */ = {
			isa = PBXSourcesBuildPhase;
			buildActionMask = 2147483647;
			files = (
				47BAE9B328EF6A260047AF9B /* iEditorTests.swift in Sources */,
			);
			runOnlyForDeploymentPostprocessing = 0;
		};
		47BAE9B428EF6A260047AF9B /* Sources */ = {
			isa = PBXSourcesBuildPhase;
			buildActionMask = 2147483647;
			files = (
				47BAE9BD28EF6A260047AF9B /* iEditorUITests.swift in Sources */,
				47BAE9BF28EF6A260047AF9B /* iEditorUITestsLaunchTests.swift in Sources */,
			);
			runOnlyForDeploymentPostprocessing = 0;
		};
/* End PBXSourcesBuildPhase section */

/* Begin PBXTargetDependency section */
		47BAE9B028EF6A260047AF9B /* PBXTargetDependency */ = {
			isa = PBXTargetDependency;
			target = 47BAE99D28EF6A250047AF9B /* iEditor */;
			targetProxy = 47BAE9AF28EF6A260047AF9B /* PBXContainerItemProxy */;
		};
		47BAE9BA28EF6A260047AF9B /* PBXTargetDependency */ = {
			isa = PBXTargetDependency;
			target = 47BAE99D28EF6A250047AF9B /* iEditor */;
			targetProxy = 47BAE9B928EF6A260047AF9B /* PBXContainerItemProxy */;
		};
/* End PBXTargetDependency section */

/* Begin XCBuildConfiguration section */
		47BAE9C028EF6A260047AF9B /* Debug */ = {
			isa = XCBuildConfiguration;
			buildSettings = {
				ALWAYS_SEARCH_USER_PATHS = NO;
				CLANG_ANALYZER_NONNULL = YES;
				CLANG_ANALYZER_NUMBER_OBJECT_CONVERSION = YES_AGGRESSIVE;
				CLANG_CXX_LANGUAGE_STANDARD = "gnu++20";
				CLANG_ENABLE_MODULES = YES;
				CLANG_ENABLE_OBJC_ARC = YES;
				CLANG_ENABLE_OBJC_WEAK = YES;
				CLANG_WARN_BLOCK_CAPTURE_AUTORELEASING = YES;
				CLANG_WARN_BOOL_CONVERSION = YES;
				CLANG_WARN_COMMA = YES;
				CLANG_WARN_CONSTANT_CONVERSION = YES;
				CLANG_WARN_DEPRECATED_OBJC_IMPLEMENTATIONS = YES;
				CLANG_WARN_DIRECT_OBJC_ISA_USAGE = YES_ERROR;
				CLANG_WARN_DOCUMENTATION_COMMENTS = YES;
				CLANG_WARN_EMPTY_BODY = YES;
				CLANG_WARN_ENUM_CONVERSION = YES;
				CLANG_WARN_INFINITE_RECURSION = YES;
				CLANG_WARN_INT_CONVERSION = YES;
				CLANG_WARN_NON_LITERAL_NULL_CONVERSION = YES;
				CLANG_WARN_OBJC_IMPLICIT_RETAIN_SELF = YES;
				CLANG_WARN_OBJC_LITERAL_CONVERSION = YES;
				CLANG_WARN_OBJC_ROOT_CLASS = YES_ERROR;
				CLANG_WARN_QUOTED_INCLUDE_IN_FRAMEWORK_HEADER = YES;
				CLANG_WARN_RANGE_LOOP_ANALYSIS = YES;
				CLANG_WARN_STRICT_PROTOTYPES = YES;
				CLANG_WARN_SUSPICIOUS_MOVE = YES;
				CLANG_WARN_UNGUARDED_AVAILABILITY = YES_AGGRESSIVE;
				CLANG_WARN_UNREACHABLE_CODE = YES;
				CLANG_WARN__DUPLICATE_METHOD_MATCH = YES;
				COPY_PHASE_STRIP = NO;
				DEBUG_INFORMATION_FORMAT = dwarf;
				ENABLE_STRICT_OBJC_MSGSEND = YES;
				ENABLE_TESTABILITY = YES;
				GCC_C_LANGUAGE_STANDARD = gnu11;
				GCC_DYNAMIC_NO_PIC = NO;
				GCC_NO_COMMON_BLOCKS = YES;
				GCC_OPTIMIZATION_LEVEL = 0;
				GCC_PREPROCESSOR_DEFINITIONS = (
					"DEBUG=1",
					"$(inherited)",
				);
				GCC_WARN_64_TO_32_BIT_CONVERSION = YES;
				GCC_WARN_ABOUT_RETURN_TYPE = YES_ERROR;
				GCC_WARN_UNDECLARED_SELECTOR = YES;
				GCC_WARN_UNINITIALIZED_AUTOS = YES_AGGRESSIVE;
				GCC_WARN_UNUSED_FUNCTION = YES;
				GCC_WARN_UNUSED_VARIABLE = YES;
				IPHONEOS_DEPLOYMENT_TARGET = 16.0;
				MTL_ENABLE_DEBUG_INFO = INCLUDE_SOURCE;
				MTL_FAST_MATH = YES;
				ONLY_ACTIVE_ARCH = YES;
				SDKROOT = iphoneos;
				SWIFT_ACTIVE_COMPILATION_CONDITIONS = DEBUG;
				SWIFT_OPTIMIZATION_LEVEL = "-Onone";
			};
			name = Debug;
		};
		47BAE9C128EF6A260047AF9B /* Release */ = {
			isa = XCBuildConfiguration;
			buildSettings = {
				ALWAYS_SEARCH_USER_PATHS = NO;
				CLANG_ANALYZER_NONNULL = YES;
				CLANG_ANALYZER_NUMBER_OBJECT_CONVERSION = YES_AGGRESSIVE;
				CLANG_CXX_LANGUAGE_STANDARD = "gnu++20";
				CLANG_ENABLE_MODULES = YES;
				CLANG_ENABLE_OBJC_ARC = YES;
				CLANG_ENABLE_OBJC_WEAK = YES;
				CLANG_WARN_BLOCK_CAPTURE_AUTORELEASING = YES;
				CLANG_WARN_BOOL_CONVERSION = YES;
				CLANG_WARN_COMMA = YES;
				CLANG_WARN_CONSTANT_CONVERSION = YES;
				CLANG_WARN_DEPRECATED_OBJC_IMPLEMENTATIONS = YES;
				CLANG_WARN_DIRECT_OBJC_ISA_USAGE = YES_ERROR;
				CLANG_WARN_DOCUMENTATION_COMMENTS = YES;
				CLANG_WARN_EMPTY_BODY = YES;
				CLANG_WARN_ENUM_CONVERSION = YES;
				CLANG_WARN_INFINITE_RECURSION = YES;
				CLANG_WARN_INT_CONVERSION = YES;
				CLANG_WARN_NON_LITERAL_NULL_CONVERSION = YES;
				CLANG_WARN_OBJC_IMPLICIT_RETAIN_SELF = YES;
				CLANG_WARN_OBJC_LITERAL_CONVERSION = YES;
				CLANG_WARN_OBJC_ROOT_CLASS = YES_ERROR;
				CLANG_WARN_QUOTED_INCLUDE_IN_FRAMEWORK_HEADER = YES;
				CLANG_WARN_RANGE_LOOP_ANALYSIS = YES;
				CLANG_WARN_STRICT_PROTOTYPES = YES;
				CLANG_WARN_SUSPICIOUS_MOVE = YES;
				CLANG_WARN_UNGUARDED_AVAILABILITY = YES_AGGRESSIVE;
				CLANG_WARN_UNREACHABLE_CODE = YES;
				CLANG_WARN__DUPLICATE_METHOD_MATCH = YES;
				COPY_PHASE_STRIP = NO;
				DEBUG_INFORMATION_FORMAT = "dwarf-with-dsym";
				ENABLE_NS_ASSERTIONS = NO;
				ENABLE_STRICT_OBJC_MSGSEND = YES;
				GCC_C_LANGUAGE_STANDARD = gnu11;
				GCC_NO_COMMON_BLOCKS = YES;
				GCC_WARN_64_TO_32_BIT_CONVERSION = YES;
				GCC_WARN_ABOUT_RETURN_TYPE = YES_ERROR;
				GCC_WARN_UNDECLARED_SELECTOR = YES;
				GCC_WARN_UNINITIALIZED_AUTOS = YES_AGGRESSIVE;
				GCC_WARN_UNUSED_FUNCTION = YES;
				GCC_WARN_UNUSED_VARIABLE = YES;
				IPHONEOS_DEPLOYMENT_TARGET = 16.0;
				MTL_ENABLE_DEBUG_INFO = NO;
				MTL_FAST_MATH = YES;
				SDKROOT = iphoneos;
				SWIFT_COMPILATION_MODE = wholemodule;
				SWIFT_OPTIMIZATION_LEVEL = "-O";
				VALIDATE_PRODUCT = YES;
			};
			name = Release;
		};
		47BAE9C328EF6A260047AF9B /* Debug */ = {
			isa = XCBuildConfiguration;
			buildSettings = {
				ASSETCATALOG_COMPILER_APPICON_NAME = AppIcon;
				ASSETCATALOG_COMPILER_GLOBAL_ACCENT_COLOR_NAME = AccentColor;
				CODE_SIGN_STYLE = Automatic;
				CURRENT_PROJECT_VERSION = 1;
				DEVELOPMENT_ASSET_PATHS = "\"iEditor/Preview Content\"";
				DEVELOPMENT_TEAM = J6HA3TARP3;
				ENABLE_PREVIEWS = YES;
				GENERATE_INFOPLIST_FILE = YES;
				INFOPLIST_FILE = iEditor/Info.plist;
				INFOPLIST_KEY_UIApplicationSceneManifest_Generation = YES;
				INFOPLIST_KEY_UIApplicationSupportsIndirectInputEvents = YES;
				INFOPLIST_KEY_UILaunchScreen_Generation = YES;
				INFOPLIST_KEY_UISupportedInterfaceOrientations_iPad = "UIInterfaceOrientationPortrait UIInterfaceOrientationPortraitUpsideDown UIInterfaceOrientationLandscapeLeft UIInterfaceOrientationLandscapeRight";
				INFOPLIST_KEY_UISupportedInterfaceOrientations_iPhone = "UIInterfaceOrientationPortrait UIInterfaceOrientationLandscapeLeft UIInterfaceOrientationLandscapeRight";
				IPHONEOS_DEPLOYMENT_TARGET = 15.0;
				LD_RUNPATH_SEARCH_PATHS = (
					"$(inherited)",
					"@executable_path/Frameworks",
				);
				MARKETING_VERSION = 1.0;
				PRODUCT_BUNDLE_IDENTIFIER = com.bigbubble.iEditor;
				PRODUCT_NAME = "$(TARGET_NAME)";
				SWIFT_EMIT_LOC_STRINGS = YES;
				SWIFT_VERSION = 5.0;
				TARGETED_DEVICE_FAMILY = "1,2";
			};
			name = Debug;
		};
		47BAE9C428EF6A260047AF9B /* Release */ = {
			isa = XCBuildConfiguration;
			buildSettings = {
				ASSETCATALOG_COMPILER_APPICON_NAME = AppIcon;
				ASSETCATALOG_COMPILER_GLOBAL_ACCENT_COLOR_NAME = AccentColor;
				CODE_SIGN_STYLE = Automatic;
				CURRENT_PROJECT_VERSION = 1;
				DEVELOPMENT_ASSET_PATHS = "\"iEditor/Preview Content\"";
				DEVELOPMENT_TEAM = J6HA3TARP3;
				ENABLE_PREVIEWS = YES;
				GENERATE_INFOPLIST_FILE = YES;
				INFOPLIST_FILE = iEditor/Info.plist;
				INFOPLIST_KEY_UIApplicationSceneManifest_Generation = YES;
				INFOPLIST_KEY_UIApplicationSupportsIndirectInputEvents = YES;
				INFOPLIST_KEY_UILaunchScreen_Generation = YES;
				INFOPLIST_KEY_UISupportedInterfaceOrientations_iPad = "UIInterfaceOrientationPortrait UIInterfaceOrientationPortraitUpsideDown UIInterfaceOrientationLandscapeLeft UIInterfaceOrientationLandscapeRight";
				INFOPLIST_KEY_UISupportedInterfaceOrientations_iPhone = "UIInterfaceOrientationPortrait UIInterfaceOrientationLandscapeLeft UIInterfaceOrientationLandscapeRight";
				IPHONEOS_DEPLOYMENT_TARGET = 15.0;
				LD_RUNPATH_SEARCH_PATHS = (
					"$(inherited)",
					"@executable_path/Frameworks",
				);
				MARKETING_VERSION = 1.0;
				PRODUCT_BUNDLE_IDENTIFIER = com.bigbubble.iEditor;
				PRODUCT_NAME = "$(TARGET_NAME)";
				SWIFT_EMIT_LOC_STRINGS = YES;
				SWIFT_VERSION = 5.0;
				TARGETED_DEVICE_FAMILY = "1,2";
			};
			name = Release;
		};
		47BAE9C628EF6A260047AF9B /* Debug */ = {
			isa = XCBuildConfiguration;
			buildSettings = {
				ALWAYS_EMBED_SWIFT_STANDARD_LIBRARIES = YES;
				BUNDLE_LOADER = "$(TEST_HOST)";
				CODE_SIGN_STYLE = Automatic;
				CURRENT_PROJECT_VERSION = 1;
				DEVELOPMENT_TEAM = J6HA3TARP3;
				GENERATE_INFOPLIST_FILE = YES;
				IPHONEOS_DEPLOYMENT_TARGET = 16.0;
				MARKETING_VERSION = 1.0;
				PRODUCT_BUNDLE_IDENTIFIER = com.bigbubble.iEditorTests;
				PRODUCT_NAME = "$(TARGET_NAME)";
				SWIFT_EMIT_LOC_STRINGS = NO;
				SWIFT_VERSION = 5.0;
				TARGETED_DEVICE_FAMILY = "1,2";
				TEST_HOST = "$(BUILT_PRODUCTS_DIR)/iEditor.app/$(BUNDLE_EXECUTABLE_FOLDER_PATH)/iEditor";
			};
			name = Debug;
		};
		47BAE9C728EF6A260047AF9B /* Release */ = {
			isa = XCBuildConfiguration;
			buildSettings = {
				ALWAYS_EMBED_SWIFT_STANDARD_LIBRARIES = YES;
				BUNDLE_LOADER = "$(TEST_HOST)";
				CODE_SIGN_STYLE = Automatic;
				CURRENT_PROJECT_VERSION = 1;
				DEVELOPMENT_TEAM = J6HA3TARP3;
				GENERATE_INFOPLIST_FILE = YES;
				IPHONEOS_DEPLOYMENT_TARGET = 16.0;
				MARKETING_VERSION = 1.0;
				PRODUCT_BUNDLE_IDENTIFIER = com.bigbubble.iEditorTests;
				PRODUCT_NAME = "$(TARGET_NAME)";
				SWIFT_EMIT_LOC_STRINGS = NO;
				SWIFT_VERSION = 5.0;
				TARGETED_DEVICE_FAMILY = "1,2";
				TEST_HOST = "$(BUILT_PRODUCTS_DIR)/iEditor.app/$(BUNDLE_EXECUTABLE_FOLDER_PATH)/iEditor";
			};
			name = Release;
		};
		47BAE9C928EF6A260047AF9B /* Debug */ = {
			isa = XCBuildConfiguration;
			buildSettings = {
				ALWAYS_EMBED_SWIFT_STANDARD_LIBRARIES = YES;
				CODE_SIGN_STYLE = Automatic;
				CURRENT_PROJECT_VERSION = 1;
				DEVELOPMENT_TEAM = J6HA3TARP3;
				GENERATE_INFOPLIST_FILE = YES;
				MARKETING_VERSION = 1.0;
				PRODUCT_BUNDLE_IDENTIFIER = com.bigbubble.iEditorUITests;
				PRODUCT_NAME = "$(TARGET_NAME)";
				SWIFT_EMIT_LOC_STRINGS = NO;
				SWIFT_VERSION = 5.0;
				TARGETED_DEVICE_FAMILY = "1,2";
				TEST_TARGET_NAME = iEditor;
			};
			name = Debug;
		};
		47BAE9CA28EF6A260047AF9B /* Release */ = {
			isa = XCBuildConfiguration;
			buildSettings = {
				ALWAYS_EMBED_SWIFT_STANDARD_LIBRARIES = YES;
				CODE_SIGN_STYLE = Automatic;
				CURRENT_PROJECT_VERSION = 1;
				DEVELOPMENT_TEAM = J6HA3TARP3;
				GENERATE_INFOPLIST_FILE = YES;
				MARKETING_VERSION = 1.0;
				PRODUCT_BUNDLE_IDENTIFIER = com.bigbubble.iEditorUITests;
				PRODUCT_NAME = "$(TARGET_NAME)";
				SWIFT_EMIT_LOC_STRINGS = NO;
				SWIFT_VERSION = 5.0;
				TARGETED_DEVICE_FAMILY = "1,2";
				TEST_TARGET_NAME = iEditor;
			};
			name = Release;
		};
/* End XCBuildConfiguration section */

/* Begin XCConfigurationList section */
		47BAE99928EF6A250047AF9B /* Build configuration list for PBXProject "iEditor" */ = {
			isa = XCConfigurationList;
			buildConfigurations = (
				47BAE9C028EF6A260047AF9B /* Debug */,
				47BAE9C128EF6A260047AF9B /* Release */,
			);
			defaultConfigurationIsVisible = 0;
			defaultConfigurationName = Release;
		};
		47BAE9C228EF6A260047AF9B /* Build configuration list for PBXNativeTarget "iEditor" */ = {
			isa = XCConfigurationList;
			buildConfigurations = (
				47BAE9C328EF6A260047AF9B /* Debug */,
				47BAE9C428EF6A260047AF9B /* Release */,
			);
			defaultConfigurationIsVisible = 0;
			defaultConfigurationName = Release;
		};
		47BAE9C528EF6A260047AF9B /* Build configuration list for PBXNativeTarget "iEditorTests" */ = {
			isa = XCConfigurationList;
			buildConfigurations = (
				47BAE9C628EF6A260047AF9B /* Debug */,
				47BAE9C728EF6A260047AF9B /* Release */,
			);
			defaultConfigurationIsVisible = 0;
			defaultConfigurationName = Release;
		};
		47BAE9C828EF6A260047AF9B /* Build configuration list for PBXNativeTarget "iEditorUITests" */ = {
			isa = XCConfigurationList;
			buildConfigurations = (
				47BAE9C928EF6A260047AF9B /* Debug */,
				47BAE9CA28EF6A260047AF9B /* Release */,
			);
			defaultConfigurationIsVisible = 0;
			defaultConfigurationName = Release;
		};
/* End XCConfigurationList section */
	};
	rootObject = 47BAE99628EF6A250047AF9B /* Project object */;
}
